
Microsoft Visual Studio Solution File, Format Version 12.00
Project("{FAE04EC0-301F-11D3-BF4B-00C04F79EFBC}") = "SocketServer", "SocketServer\SocketServer.csproj", "{F7C73041-E6FE-4B1C-8451-712188D924BD}"
EndProject
Project("{FAE04EC0-301F-11D3-BF4B-00C04F79EFBC}") = "SocketClient", "..\SocketClient\SocketClient\SocketClient.csproj", "{9652420F-3343-4D52-BAD0-7207D2604305}"
EndProject
Global
	GlobalSection(SolutionConfigurationPlatforms) = preSolution
		Debug|Any CPU = Debug|Any CPU
		Release|Any CPU = Release|Any CPU
	EndGlobalSection
	GlobalSection(ProjectConfigurationPlatforms) = postSolution
		{F7C73041-E6FE-4B1C-8451-712188D924BD}.Debug|Any CPU.ActiveCfg = Debug|Any CPU
		{F7C73041-E6FE-4B1C-8451-712188D924BD}.Debug|Any CPU.Build.0 = Debug|Any CPU
		{F7C73041-E6FE-4B1C-8451-712188D924BD}.Release|Any CPU.ActiveCfg = Release|Any CPU
		{F7C73041-E6FE-4B1C-8451-712188D924BD}.Release|Any CPU.Build.0 = Release|Any CPU
		{9652420F-3343-4D52-BAD0-7207D2604305}.Debug|Any CPU.ActiveCfg = Debug|Any CPU
		{9652420F-3343-4D52-BAD0-7207D2604305}.Debug|Any CPU.Build.0 = Debug|Any CPU
		{9652420F-3343-4D52-BAD0-7207D2604305}.Release|Any CPU.ActiveCfg = Release|Any CPU
		{9652420F-3343-4D52-BAD0-7207D2604305}.Release|Any CPU.Build.0 = Release|Any CPU
	EndGlobalSection
EndGlobal
